
Microsoft Visual Studio Solution File, Format Version 12.00
# Visual Studio 15
VisualStudioVersion = 15.0.27703.2035
MinimumVisualStudioVersion = 10.0.40219.1
Project("{2150E333-8FDC-42A3-9474-1A3956D46DE8}") = "APP.Framework", "APP.Framework", "{FB42DFFC-CB29-4B8F-9D3D-052EB2A63DDE}"
EndProject
Project("{9A19103F-16F7-4668-BE54-9A1E7A4F7556}") = "APP.Framework.Security", "APP.Framework\APP.Framework.Security\APP.Framework.Security.csproj", "{7785BA0B-BF61-484F-8068-559C7BBEBBEF}"
EndProject
Project("{9A19103F-16F7-4668-BE54-9A1E7A4F7556}") = "APP.Framework.Identity", "APP.Framework\APP.Framework.Identity\APP.Framework.Identity.csproj", "{C9C20836-1D61-4605-929E-7C40CDD39D33}"
EndProject
Project("{9A19103F-16F7-4668-BE54-9A1E7A4F7556}") = "APP.DbAccess.Entities", "APP.DbAccess.Entities\APP.DbAccess.Entities.csproj", "{5D8314FF-A7C5-4BE1-9CD2-BDF2E7D39443}"
EndProject
Project("{9A19103F-16F7-4668-BE54-9A1E7A4F7556}") = "APP.DbAccess.Infrastructure", "APP.DbAccess.Infrastructure\APP.DbAccess.Infrastructure.csproj", "{779D1727-8825-4C34-A96C-C447B702664C}"
EndProject
Project("{9A19103F-16F7-4668-BE54-9A1E7A4F7556}") = "APP.DbAccess.Repositories", "APP.DbAccess.Repositories\APP.DbAccess.Repositories.csproj", "{0D8D2E9A-F482-4EC9-8E40-931BB238C59F}"
EndProject
Project("{9A19103F-16F7-4668-BE54-9A1E7A4F7556}") = "APP.UI.Admin", "APP.UI.Admin\APP.UI.Admin.csproj", "{114EE0D3-E6D3-47D9-BB06-6F24E9D503F1}"
EndProject
Project("{9A19103F-16F7-4668-BE54-9A1E7A4F7556}") = "APP.UI.MVC", "APP.UI.MVC\APP.UI.MVC.csproj", "{5C3BE367-2614-4FCC-9D88-B3E378FD8BB0}"
EndProject
Global
	GlobalSection(SolutionConfigurationPlatforms) = preSolution
		Debug|Any CPU = Debug|Any CPU
		Release|Any CPU = Release|Any CPU
	EndGlobalSection
	GlobalSection(ProjectConfigurationPlatforms) = postSolution
		{7785BA0B-BF61-484F-8068-559C7BBEBBEF}.Debug|Any CPU.ActiveCfg = Debug|Any CPU
		{7785BA0B-BF61-484F-8068-559C7BBEBBEF}.Debug|Any CPU.Build.0 = Debug|Any CPU
		{7785BA0B-BF61-484F-8068-559C7BBEBBEF}.Release|Any CPU.ActiveCfg = Release|Any CPU
		{7785BA0B-BF61-484F-8068-559C7BBEBBEF}.Release|Any CPU.Build.0 = Release|Any CPU
		{C9C20836-1D61-4605-929E-7C40CDD39D33}.Debug|Any CPU.ActiveCfg = Debug|Any CPU
		{C9C20836-1D61-4605-929E-7C40CDD39D33}.Debug|Any CPU.Build.0 = Debug|Any CPU
		{C9C20836-1D61-4605-929E-7C40CDD39D33}.Release|Any CPU.ActiveCfg = Release|Any CPU
		{C9C20836-1D61-4605-929E-7C40CDD39D33}.Release|Any CPU.Build.0 = Release|Any CPU
		{5D8314FF-A7C5-4BE1-9CD2-BDF2E7D39443}.Debug|Any CPU.ActiveCfg = Debug|Any CPU
		{5D8314FF-A7C5-4BE1-9CD2-BDF2E7D39443}.Debug|Any CPU.Build.0 = Debug|Any CPU
		{5D8314FF-A7C5-4BE1-9CD2-BDF2E7D39443}.Release|Any CPU.ActiveCfg = Release|Any CPU
		{5D8314FF-A7C5-4BE1-9CD2-BDF2E7D39443}.Release|Any CPU.Build.0 = Release|Any CPU
		{779D1727-8825-4C34-A96C-C447B702664C}.Debug|Any CPU.ActiveCfg = Debug|Any CPU
		{779D1727-8825-4C34-A96C-C447B702664C}.Debug|Any CPU.Build.0 = Debug|Any CPU
		{779D1727-8825-4C34-A96C-C447B702664C}.Release|Any CPU.ActiveCfg = Release|Any CPU
		{779D1727-8825-4C34-A96C-C447B702664C}.Release|Any CPU.Build.0 = Release|Any CPU
		{0D8D2E9A-F482-4EC9-8E40-931BB238C59F}.Debug|Any CPU.ActiveCfg = Debug|Any CPU
		{0D8D2E9A-F482-4EC9-8E40-931BB238C59F}.Debug|Any CPU.Build.0 = Debug|Any CPU
		{0D8D2E9A-F482-4EC9-8E40-931BB238C59F}.Release|Any CPU.ActiveCfg = Release|Any CPU
		{0D8D2E9A-F482-4EC9-8E40-931BB238C59F}.Release|Any CPU.Build.0 = Release|Any CPU
		{114EE0D3-E6D3-47D9-BB06-6F24E9D503F1}.Debug|Any CPU.ActiveCfg = Debug|Any CPU
		{114EE0D3-E6D3-47D9-BB06-6F24E9D503F1}.Debug|Any CPU.Build.0 = Debug|Any CPU
		{114EE0D3-E6D3-47D9-BB06-6F24E9D503F1}.Release|Any CPU.ActiveCfg = Release|Any CPU
		{114EE0D3-E6D3-47D9-BB06-6F24E9D503F1}.Release|Any CPU.Build.0 = Release|Any CPU
		{5C3BE367-2614-4FCC-9D88-B3E378FD8BB0}.Debug|Any CPU.ActiveCfg = Debug|Any CPU
		{5C3BE367-2614-4FCC-9D88-B3E378FD8BB0}.Debug|Any CPU.Build.0 = Debug|Any CPU
		{5C3BE367-2614-4FCC-9D88-B3E378FD8BB0}.Release|Any CPU.ActiveCfg = Release|Any CPU
		{5C3BE367-2614-4FCC-9D88-B3E378FD8BB0}.Release|Any CPU.Build.0 = Release|Any CPU
	EndGlobalSection
	GlobalSection(SolutionProperties) = preSolution
		HideSolutionNode = FALSE
	EndGlobalSection
	GlobalSection(NestedProjects) = preSolution
		{7785BA0B-BF61-484F-8068-559C7BBEBBEF} = {FB42DFFC-CB29-4B8F-9D3D-052EB2A63DDE}
		{C9C20836-1D61-4605-929E-7C40CDD39D33} = {FB42DFFC-CB29-4B8F-9D3D-052EB2A63DDE}
	EndGlobalSection
	GlobalSection(ExtensibilityGlobals) = postSolution
		SolutionGuid = {B587D833-C18C-4986-95CC-064DF3347ECA}
	EndGlobalSection
EndGlobal
